
Microsoft Visual Studio Solution File, Format Version 12.00
# Visual Studio Version 17
VisualStudioVersion = 17.6.33723.286
MinimumVisualStudioVersion = 10.0.40219.1
Project("{FAE04EC0-301F-11D3-BF4B-00C04F79EFBC}") = "Dominio", "Dominio\Dominio.csproj", "{E0CB0F92-3898-4742-B736-DE97D1FE5701}"
EndProject
Project("{FAE04EC0-301F-11D3-BF4B-00C04F79EFBC}") = "Teste", "Teste\Teste.csproj", "{E5945AC8-09DB-4C27-87E6-56ECAD7229E6}"
	ProjectSection(ProjectDependencies) = postProject
		{E0CB0F92-3898-4742-B736-DE97D1FE5701} = {E0CB0F92-3898-4742-B736-DE97D1FE5701}
	EndProjectSection
EndProject
Global
	GlobalSection(SolutionConfigurationPlatforms) = preSolution
		Debug|Any CPU = Debug|Any CPU
		Release|Any CPU = Release|Any CPU
	EndGlobalSection
	GlobalSection(ProjectConfigurationPlatforms) = postSolution
		{E0CB0F92-3898-4742-B736-DE97D1FE5701}.Debug|Any CPU.ActiveCfg = Debug|Any CPU
		{E0CB0F92-3898-4742-B736-DE97D1FE5701}.Debug|Any CPU.Build.0 = Debug|Any CPU
		{E0CB0F92-3898-4742-B736-DE97D1FE5701}.Release|Any CPU.ActiveCfg = Release|Any CPU
		{E0CB0F92-3898-4742-B736-DE97D1FE5701}.Release|Any CPU.Build.0 = Release|Any CPU
		{E5945AC8-09DB-4C27-87E6-56ECAD7229E6}.Debug|Any CPU.ActiveCfg = Debug|Any CPU
		{E5945AC8-09DB-4C27-87E6-56ECAD7229E6}.Debug|Any CPU.Build.0 = Debug|Any CPU
		{E5945AC8-09DB-4C27-87E6-56ECAD7229E6}.Release|Any CPU.ActiveCfg = Release|Any CPU
		{E5945AC8-09DB-4C27-87E6-56ECAD7229E6}.Release|Any CPU.Build.0 = Release|Any CPU
	EndGlobalSection
	GlobalSection(SolutionProperties) = preSolution
		HideSolutionNode = FALSE
	EndGlobalSection
	GlobalSection(ExtensibilityGlobals) = postSolution
		SolutionGuid = {7E16080D-65EE-40F0-97D7-B0EAE2F577D1}
	EndGlobalSection
EndGlobal
